
Microsoft Visual Studio Solution File, Format Version 12.00
# Visual Studio Version 16
VisualStudioVersion = 16.0.31402.337
MinimumVisualStudioVersion = 10.0.40219.1
Project("{9A19103F-16F7-4668-BE54-9A1E7A4F7556}") = "Demo_Securite", "Demo_Securite\Demo_Securite.csproj", "{B136253F-F82A-423B-A856-80C4130EFC6F}"
EndProject
Project("{00D1A9C2-B5F0-4AF3-8072-F6C62B433612}") = "Demo_Securite.Database", "Demo_Securite.Database\Demo_Securite.Database.sqlproj", "{232E4ED0-5B96-4B29-ADA7-EE854172044E}"
EndProject
Project("{FAE04EC0-301F-11D3-BF4B-00C04F79EFBC}") = "Demo_Securite.DAL", "Demo_Securite.DAL\Demo_Securite.DAL.csproj", "{7D83C0B6-B048-4753-BD61-02999E2F4FC4}"
EndProject
Global
	GlobalSection(SolutionConfigurationPlatforms) = preSolution
		Debug|Any CPU = Debug|Any CPU
		Release|Any CPU = Release|Any CPU
	EndGlobalSection
	GlobalSection(ProjectConfigurationPlatforms) = postSolution
		{B136253F-F82A-423B-A856-80C4130EFC6F}.Debug|Any CPU.ActiveCfg = Debug|Any CPU
		{B136253F-F82A-423B-A856-80C4130EFC6F}.Debug|Any CPU.Build.0 = Debug|Any CPU
		{B136253F-F82A-423B-A856-80C4130EFC6F}.Release|Any CPU.ActiveCfg = Release|Any CPU
		{B136253F-F82A-423B-A856-80C4130EFC6F}.Release|Any CPU.Build.0 = Release|Any CPU
		{232E4ED0-5B96-4B29-ADA7-EE854172044E}.Debug|Any CPU.ActiveCfg = Debug|Any CPU
		{232E4ED0-5B96-4B29-ADA7-EE854172044E}.Debug|Any CPU.Build.0 = Debug|Any CPU
		{232E4ED0-5B96-4B29-ADA7-EE854172044E}.Debug|Any CPU.Deploy.0 = Debug|Any CPU
		{232E4ED0-5B96-4B29-ADA7-EE854172044E}.Release|Any CPU.ActiveCfg = Release|Any CPU
		{232E4ED0-5B96-4B29-ADA7-EE854172044E}.Release|Any CPU.Build.0 = Release|Any CPU
		{232E4ED0-5B96-4B29-ADA7-EE854172044E}.Release|Any CPU.Deploy.0 = Release|Any CPU
		{7D83C0B6-B048-4753-BD61-02999E2F4FC4}.Debug|Any CPU.ActiveCfg = Debug|Any CPU
		{7D83C0B6-B048-4753-BD61-02999E2F4FC4}.Debug|Any CPU.Build.0 = Debug|Any CPU
		{7D83C0B6-B048-4753-BD61-02999E2F4FC4}.Release|Any CPU.ActiveCfg = Release|Any CPU
		{7D83C0B6-B048-4753-BD61-02999E2F4FC4}.Release|Any CPU.Build.0 = Release|Any CPU
	EndGlobalSection
	GlobalSection(SolutionProperties) = preSolution
		HideSolutionNode = FALSE
	EndGlobalSection
	GlobalSection(ExtensibilityGlobals) = postSolution
		SolutionGuid = {4B06EB1A-D2F9-403E-8B50-C106A53B99D3}
	EndGlobalSection
EndGlobal
